
Microsoft Visual Studio Solution File, Format Version 12.00
# Visual Studio Version 17
VisualStudioVersion = 17.0.32112.339
MinimumVisualStudioVersion = 10.0.40219.1
Project("{2150E333-8FDC-42A3-9474-1A3956D46DE8}") = "analyzer", "analyzer", "{304DF17B-8E8C-4C6D-9BE2-D80F81CC0784}"
EndProject
Project("{FAE04EC0-301F-11D3-BF4B-00C04F79EFBC}") = "Exomia.Vulkan.Api.Core", "src\Exomia.Vulkan.Api.Core\Exomia.Vulkan.Api.Core.csproj", "{9664930D-38E5-43A3-BAD7-4F8A73AA18D0}"
EndProject
Project("{FAE04EC0-301F-11D3-BF4B-00C04F79EFBC}") = "Exomia.Vulkan.Api.Core.SourceGenerator", "analyzer\Exomia.Vulkan.Api.Core.SourceGenerator\Exomia.Vulkan.Api.Core.SourceGenerator.csproj", "{542C7177-8DAD-47CF-A8CB-E132EE70C926}"
EndProject
Project("{FAE04EC0-301F-11D3-BF4B-00C04F79EFBC}") = "Exomia.Vulkan.Api.Xlib", "src\Exomia.Vulkan.Api.Xlib\Exomia.Vulkan.Api.Xlib.csproj", "{717B0CAA-8B34-474F-A317-0A08634BD099}"
EndProject
Project("{FAE04EC0-301F-11D3-BF4B-00C04F79EFBC}") = "Exomia.Vulkan.Api.Xlib.SourceGenerator", "analyzer\Exomia.Vulkan.Api.Xlib.SourceGenerator\Exomia.Vulkan.Api.Xlib.SourceGenerator.csproj", "{BB7E75E9-C1DB-4EA2-B6BB-7B0A47E5E46A}"
EndProject
Project("{FAE04EC0-301F-11D3-BF4B-00C04F79EFBC}") = "Exomia.Vulkan.Api.Xlib_xrandr", "src\Exomia.Vulkan.Api.Xlib_xrandr\Exomia.Vulkan.Api.Xlib_xrandr.csproj", "{659A1661-870C-459E-AABF-CC9B296CAC98}"
EndProject
Project("{FAE04EC0-301F-11D3-BF4B-00C04F79EFBC}") = "Exomia.Vulkan.Api.Xlib_xrandr.SourceGenerator", "analyzer\Exomia.Vulkan.Api.Xlib_xrandr.SourceGenerator\Exomia.Vulkan.Api.Xlib_xrandr.SourceGenerator.csproj", "{76814688-DF61-452B-8BA5-EBAFD00EC098}"
EndProject
Project("{FAE04EC0-301F-11D3-BF4B-00C04F79EFBC}") = "Exomia.Vulkan.Api.Xcb", "src\Exomia.Vulkan.Api.Xcb\Exomia.Vulkan.Api.Xcb.csproj", "{6EB27065-31AF-4F21-BEC2-617C380D1D32}"
EndProject
Project("{FAE04EC0-301F-11D3-BF4B-00C04F79EFBC}") = "Exomia.Vulkan.Api.Xcb.SourceGenerator", "analyzer\Exomia.Vulkan.Api.Xcb.SourceGenerator\Exomia.Vulkan.Api.Xcb.SourceGenerator.csproj", "{497AC2C4-AC79-435B-BF19-5C3F91BD9444}"
EndProject
Project("{FAE04EC0-301F-11D3-BF4B-00C04F79EFBC}") = "Exomia.Vulkan.Api.Wayland", "src\Exomia.Vulkan.Api.Wayland\Exomia.Vulkan.Api.Wayland.csproj", "{3E18F3B7-74B1-4001-A87A-DD3A065AC185}"
EndProject
Project("{FAE04EC0-301F-11D3-BF4B-00C04F79EFBC}") = "Exomia.Vulkan.Api.Wayland.SourceGenerator", "analyzer\Exomia.Vulkan.Api.Wayland.SourceGenerator\Exomia.Vulkan.Api.Wayland.SourceGenerator.csproj", "{CF631860-6586-4AE0-8AF6-54D3CB8D95A0}"
EndProject
Project("{FAE04EC0-301F-11D3-BF4B-00C04F79EFBC}") = "Exomia.Vulkan.Api.Directfb", "src\Exomia.Vulkan.Api.Directfb\Exomia.Vulkan.Api.Directfb.csproj", "{47C0DFFC-2F57-443F-90D1-F468EDD7F558}"
EndProject
Project("{FAE04EC0-301F-11D3-BF4B-00C04F79EFBC}") = "Exomia.Vulkan.Api.Directfb.SourceGenerator", "analyzer\Exomia.Vulkan.Api.Directfb.SourceGenerator\Exomia.Vulkan.Api.Directfb.SourceGenerator.csproj", "{08E00B78-AF75-430A-8176-13CDE580F3A8}"
EndProject
Project("{FAE04EC0-301F-11D3-BF4B-00C04F79EFBC}") = "Exomia.Vulkan.Api.Android", "src\Exomia.Vulkan.Api.Android\Exomia.Vulkan.Api.Android.csproj", "{A58E2B22-35DE-4CD0-ADFB-F1837C7011F0}"
EndProject
Project("{FAE04EC0-301F-11D3-BF4B-00C04F79EFBC}") = "Exomia.Vulkan.Api.Android.SourceGenerator", "analyzer\Exomia.Vulkan.Api.Android.SourceGenerator\Exomia.Vulkan.Api.Android.SourceGenerator.csproj", "{33EC86C4-136F-4181-BD83-75F45617038F}"
EndProject
Project("{FAE04EC0-301F-11D3-BF4B-00C04F79EFBC}") = "Exomia.Vulkan.Api.Win32", "src\Exomia.Vulkan.Api.Win32\Exomia.Vulkan.Api.Win32.csproj", "{5496F685-4777-4993-95F9-F98B581DA4E3}"
EndProject
Project("{FAE04EC0-301F-11D3-BF4B-00C04F79EFBC}") = "Exomia.Vulkan.Api.Win32.SourceGenerator", "analyzer\Exomia.Vulkan.Api.Win32.SourceGenerator\Exomia.Vulkan.Api.Win32.SourceGenerator.csproj", "{EE10D069-3F50-417A-BCE5-E9CE58541CE7}"
EndProject
Project("{FAE04EC0-301F-11D3-BF4B-00C04F79EFBC}") = "Exomia.Vulkan.Api.Vi", "src\Exomia.Vulkan.Api.Vi\Exomia.Vulkan.Api.Vi.csproj", "{FE2F89DC-5FD6-42DB-A3D3-BFBFD07E52B3}"
EndProject
Project("{FAE04EC0-301F-11D3-BF4B-00C04F79EFBC}") = "Exomia.Vulkan.Api.Vi.SourceGenerator", "analyzer\Exomia.Vulkan.Api.Vi.SourceGenerator\Exomia.Vulkan.Api.Vi.SourceGenerator.csproj", "{0CD08072-40DE-461D-8D04-DE37D1C7DE24}"
EndProject
Project("{FAE04EC0-301F-11D3-BF4B-00C04F79EFBC}") = "Exomia.Vulkan.Api.Ios", "src\Exomia.Vulkan.Api.Ios\Exomia.Vulkan.Api.Ios.csproj", "{633DAEC0-EDDC-4394-BB1F-E865FCBBEF6F}"
EndProject
Project("{FAE04EC0-301F-11D3-BF4B-00C04F79EFBC}") = "Exomia.Vulkan.Api.Ios.SourceGenerator", "analyzer\Exomia.Vulkan.Api.Ios.SourceGenerator\Exomia.Vulkan.Api.Ios.SourceGenerator.csproj", "{846083D3-BF92-4174-8106-D40D0FCC9545}"
EndProject
Project("{FAE04EC0-301F-11D3-BF4B-00C04F79EFBC}") = "Exomia.Vulkan.Api.Macos", "src\Exomia.Vulkan.Api.Macos\Exomia.Vulkan.Api.Macos.csproj", "{7E78C92E-9FFD-4DB1-862E-83A0F3571047}"
EndProject
Project("{FAE04EC0-301F-11D3-BF4B-00C04F79EFBC}") = "Exomia.Vulkan.Api.Macos.SourceGenerator", "analyzer\Exomia.Vulkan.Api.Macos.SourceGenerator\Exomia.Vulkan.Api.Macos.SourceGenerator.csproj", "{8E776CB5-C511-4FD1-8A81-EBC395E0B371}"
EndProject
Project("{FAE04EC0-301F-11D3-BF4B-00C04F79EFBC}") = "Exomia.Vulkan.Api.Metal", "src\Exomia.Vulkan.Api.Metal\Exomia.Vulkan.Api.Metal.csproj", "{17E13AFB-7DD2-405F-A1DB-1E233E646809}"
EndProject
Project("{FAE04EC0-301F-11D3-BF4B-00C04F79EFBC}") = "Exomia.Vulkan.Api.Metal.SourceGenerator", "analyzer\Exomia.Vulkan.Api.Metal.SourceGenerator\Exomia.Vulkan.Api.Metal.SourceGenerator.csproj", "{F46A2D47-94B4-4580-A0C4-2D69E2CE62D9}"
EndProject
Project("{FAE04EC0-301F-11D3-BF4B-00C04F79EFBC}") = "Exomia.Vulkan.Api.Fuchsia", "src\Exomia.Vulkan.Api.Fuchsia\Exomia.Vulkan.Api.Fuchsia.csproj", "{4D216DBA-32F9-484B-BFED-2D07004CABF0}"
EndProject
Project("{FAE04EC0-301F-11D3-BF4B-00C04F79EFBC}") = "Exomia.Vulkan.Api.Fuchsia.SourceGenerator", "analyzer\Exomia.Vulkan.Api.Fuchsia.SourceGenerator\Exomia.Vulkan.Api.Fuchsia.SourceGenerator.csproj", "{8867FFDB-5DCF-4ADD-AF30-F94D26074E5C}"
EndProject
Project("{FAE04EC0-301F-11D3-BF4B-00C04F79EFBC}") = "Exomia.Vulkan.Api.Ggp", "src\Exomia.Vulkan.Api.Ggp\Exomia.Vulkan.Api.Ggp.csproj", "{1D49716E-A908-4D20-AE78-71274031C491}"
EndProject
Project("{FAE04EC0-301F-11D3-BF4B-00C04F79EFBC}") = "Exomia.Vulkan.Api.Ggp.SourceGenerator", "analyzer\Exomia.Vulkan.Api.Ggp.SourceGenerator\Exomia.Vulkan.Api.Ggp.SourceGenerator.csproj", "{A7889500-FA11-4A10-96D9-DD9BEE65E8E7}"
EndProject
Project("{FAE04EC0-301F-11D3-BF4B-00C04F79EFBC}") = "Exomia.Vulkan.Api.Screen", "src\Exomia.Vulkan.Api.Screen\Exomia.Vulkan.Api.Screen.csproj", "{669D761F-297A-44B6-9DCA-437F45457B70}"
EndProject
Project("{FAE04EC0-301F-11D3-BF4B-00C04F79EFBC}") = "Exomia.Vulkan.Api.Screen.SourceGenerator", "analyzer\Exomia.Vulkan.Api.Screen.SourceGenerator\Exomia.Vulkan.Api.Screen.SourceGenerator.csproj", "{56A83660-135D-400A-9BA4-AD71F656A1B7}"
EndProject
Global
	GlobalSection(SolutionConfigurationPlatforms) = preSolution
		Debug|Any CPU = Debug|Any CPU
		Debug|x64 = Debug|x64
		Release|Any CPU = Release|Any CPU
		Release|x64 = Release|x64
	EndGlobalSection
	GlobalSection(ProjectConfigurationPlatforms) = postSolution
		{9664930D-38E5-43A3-BAD7-4F8A73AA18D0}.Debug|Any CPU.ActiveCfg = Debug|Any CPU
		{9664930D-38E5-43A3-BAD7-4F8A73AA18D0}.Debug|Any CPU.Build.0 = Debug|Any CPU
		{9664930D-38E5-43A3-BAD7-4F8A73AA18D0}.Debug|x64.ActiveCfg = Debug|x64
		{9664930D-38E5-43A3-BAD7-4F8A73AA18D0}.Debug|x64.Build.0 = Debug|x64
		{9664930D-38E5-43A3-BAD7-4F8A73AA18D0}.Release|Any CPU.ActiveCfg = Release|Any CPU
		{9664930D-38E5-43A3-BAD7-4F8A73AA18D0}.Release|Any CPU.Build.0 = Release|Any CPU
		{9664930D-38E5-43A3-BAD7-4F8A73AA18D0}.Release|x64.ActiveCfg = Release|x64
		{9664930D-38E5-43A3-BAD7-4F8A73AA18D0}.Release|x64.Build.0 = Release|x64
		{542C7177-8DAD-47CF-A8CB-E132EE70C926}.Debug|Any CPU.ActiveCfg = Debug|Any CPU
		{542C7177-8DAD-47CF-A8CB-E132EE70C926}.Debug|Any CPU.Build.0 = Debug|Any CPU
		{542C7177-8DAD-47CF-A8CB-E132EE70C926}.Debug|x64.ActiveCfg = Debug|x64
		{542C7177-8DAD-47CF-A8CB-E132EE70C926}.Debug|x64.Build.0 = Debug|x64
		{542C7177-8DAD-47CF-A8CB-E132EE70C926}.Release|Any CPU.ActiveCfg = Release|Any CPU
		{542C7177-8DAD-47CF-A8CB-E132EE70C926}.Release|Any CPU.Build.0 = Release|Any CPU
		{542C7177-8DAD-47CF-A8CB-E132EE70C926}.Release|x64.ActiveCfg = Release|x64
		{542C7177-8DAD-47CF-A8CB-E132EE70C926}.Release|x64.Build.0 = Release|x64
		{717B0CAA-8B34-474F-A317-0A08634BD099}.Debug|Any CPU.ActiveCfg = Debug|Any CPU
		{717B0CAA-8B34-474F-A317-0A08634BD099}.Debug|Any CPU.Build.0 = Debug|Any CPU
		{717B0CAA-8B34-474F-A317-0A08634BD099}.Debug|x64.ActiveCfg = Debug|x64
		{717B0CAA-8B34-474F-A317-0A08634BD099}.Debug|x64.Build.0 = Debug|x64
		{717B0CAA-8B34-474F-A317-0A08634BD099}.Release|Any CPU.ActiveCfg = Release|Any CPU
		{717B0CAA-8B34-474F-A317-0A08634BD099}.Release|Any CPU.Build.0 = Release|Any CPU
		{717B0CAA-8B34-474F-A317-0A08634BD099}.Release|x64.ActiveCfg = Release|x64
		{717B0CAA-8B34-474F-A317-0A08634BD099}.Release|x64.Build.0 = Release|x64
		{BB7E75E9-C1DB-4EA2-B6BB-7B0A47E5E46A}.Debug|Any CPU.ActiveCfg = Debug|Any CPU
		{BB7E75E9-C1DB-4EA2-B6BB-7B0A47E5E46A}.Debug|Any CPU.Build.0 = Debug|Any CPU
		{BB7E75E9-C1DB-4EA2-B6BB-7B0A47E5E46A}.Debug|x64.ActiveCfg = Debug|x64
		{BB7E75E9-C1DB-4EA2-B6BB-7B0A47E5E46A}.Debug|x64.Build.0 = Debug|x64
		{BB7E75E9-C1DB-4EA2-B6BB-7B0A47E5E46A}.Release|Any CPU.ActiveCfg = Release|Any CPU
		{BB7E75E9-C1DB-4EA2-B6BB-7B0A47E5E46A}.Release|Any CPU.Build.0 = Release|Any CPU
		{BB7E75E9-C1DB-4EA2-B6BB-7B0A47E5E46A}.Release|x64.ActiveCfg = Release|x64
		{BB7E75E9-C1DB-4EA2-B6BB-7B0A47E5E46A}.Release|x64.Build.0 = Release|x64
		{659A1661-870C-459E-AABF-CC9B296CAC98}.Debug|Any CPU.ActiveCfg = Debug|Any CPU
		{659A1661-870C-459E-AABF-CC9B296CAC98}.Debug|Any CPU.Build.0 = Debug|Any CPU
		{659A1661-870C-459E-AABF-CC9B296CAC98}.Debug|x64.ActiveCfg = Debug|x64
		{659A1661-870C-459E-AABF-CC9B296CAC98}.Debug|x64.Build.0 = Debug|x64
		{659A1661-870C-459E-AABF-CC9B296CAC98}.Release|Any CPU.ActiveCfg = Release|Any CPU
		{659A1661-870C-459E-AABF-CC9B296CAC98}.Release|Any CPU.Build.0 = Release|Any CPU
		{659A1661-870C-459E-AABF-CC9B296CAC98}.Release|x64.ActiveCfg = Release|x64
		{659A1661-870C-459E-AABF-CC9B296CAC98}.Release|x64.Build.0 = Release|x64
		{76814688-DF61-452B-8BA5-EBAFD00EC098}.Debug|Any CPU.ActiveCfg = Debug|Any CPU
		{76814688-DF61-452B-8BA5-EBAFD00EC098}.Debug|Any CPU.Build.0 = Debug|Any CPU
		{76814688-DF61-452B-8BA5-EBAFD00EC098}.Debug|x64.ActiveCfg = Debug|x64
		{76814688-DF61-452B-8BA5-EBAFD00EC098}.Debug|x64.Build.0 = Debug|x64
		{76814688-DF61-452B-8BA5-EBAFD00EC098}.Release|Any CPU.ActiveCfg = Release|Any CPU
		{76814688-DF61-452B-8BA5-EBAFD00EC098}.Release|Any CPU.Build.0 = Release|Any CPU
		{76814688-DF61-452B-8BA5-EBAFD00EC098}.Release|x64.ActiveCfg = Release|x64
		{76814688-DF61-452B-8BA5-EBAFD00EC098}.Release|x64.Build.0 = Release|x64
		{6EB27065-31AF-4F21-BEC2-617C380D1D32}.Debug|Any CPU.ActiveCfg = Debug|Any CPU
		{6EB27065-31AF-4F21-BEC2-617C380D1D32}.Debug|Any CPU.Build.0 = Debug|Any CPU
		{6EB27065-31AF-4F21-BEC2-617C380D1D32}.Debug|x64.ActiveCfg = Debug|x64
		{6EB27065-31AF-4F21-BEC2-617C380D1D32}.Debug|x64.Build.0 = Debug|x64
		{6EB27065-31AF-4F21-BEC2-617C380D1D32}.Release|Any CPU.ActiveCfg = Release|Any CPU
		{6EB27065-31AF-4F21-BEC2-617C380D1D32}.Release|Any CPU.Build.0 = Release|Any CPU
		{6EB27065-31AF-4F21-BEC2-617C380D1D32}.Release|x64.ActiveCfg = Release|x64
		{6EB27065-31AF-4F21-BEC2-617C380D1D32}.Release|x64.Build.0 = Release|x64
		{497AC2C4-AC79-435B-BF19-5C3F91BD9444}.Debug|Any CPU.ActiveCfg = Debug|Any CPU
		{497AC2C4-AC79-435B-BF19-5C3F91BD9444}.Debug|Any CPU.Build.0 = Debug|Any CPU
		{497AC2C4-AC79-435B-BF19-5C3F91BD9444}.Debug|x64.ActiveCfg = Debug|x64
		{497AC2C4-AC79-435B-BF19-5C3F91BD9444}.Debug|x64.Build.0 = Debug|x64
		{497AC2C4-AC79-435B-BF19-5C3F91BD9444}.Release|Any CPU.ActiveCfg = Release|Any CPU
		{497AC2C4-AC79-435B-BF19-5C3F91BD9444}.Release|Any CPU.Build.0 = Release|Any CPU
		{497AC2C4-AC79-435B-BF19-5C3F91BD9444}.Release|x64.ActiveCfg = Release|x64
		{497AC2C4-AC79-435B-BF19-5C3F91BD9444}.Release|x64.Build.0 = Release|x64
		{3E18F3B7-74B1-4001-A87A-DD3A065AC185}.Debug|Any CPU.ActiveCfg = Debug|Any CPU
		{3E18F3B7-74B1-4001-A87A-DD3A065AC185}.Debug|Any CPU.Build.0 = Debug|Any CPU
		{3E18F3B7-74B1-4001-A87A-DD3A065AC185}.Debug|x64.ActiveCfg = Debug|x64
		{3E18F3B7-74B1-4001-A87A-DD3A065AC185}.Debug|x64.Build.0 = Debug|x64
		{3E18F3B7-74B1-4001-A87A-DD3A065AC185}.Release|Any CPU.ActiveCfg = Release|Any CPU
		{3E18F3B7-74B1-4001-A87A-DD3A065AC185}.Release|Any CPU.Build.0 = Release|Any CPU
		{3E18F3B7-74B1-4001-A87A-DD3A065AC185}.Release|x64.ActiveCfg = Release|x64
		{3E18F3B7-74B1-4001-A87A-DD3A065AC185}.Release|x64.Build.0 = Release|x64
		{CF631860-6586-4AE0-8AF6-54D3CB8D95A0}.Debug|Any CPU.ActiveCfg = Debug|Any CPU
		{CF631860-6586-4AE0-8AF6-54D3CB8D95A0}.Debug|Any CPU.Build.0 = Debug|Any CPU
		{CF631860-6586-4AE0-8AF6-54D3CB8D95A0}.Debug|x64.ActiveCfg = Debug|x64
		{CF631860-6586-4AE0-8AF6-54D3CB8D95A0}.Debug|x64.Build.0 = Debug|x64
		{CF631860-6586-4AE0-8AF6-54D3CB8D95A0}.Release|Any CPU.ActiveCfg = Release|Any CPU
		{CF631860-6586-4AE0-8AF6-54D3CB8D95A0}.Release|Any CPU.Build.0 = Release|Any CPU
		{CF631860-6586-4AE0-8AF6-54D3CB8D95A0}.Release|x64.ActiveCfg = Release|x64
		{CF631860-6586-4AE0-8AF6-54D3CB8D95A0}.Release|x64.Build.0 = Release|x64
		{47C0DFFC-2F57-443F-90D1-F468EDD7F558}.Debug|Any CPU.ActiveCfg = Debug|Any CPU
		{47C0DFFC-2F57-443F-90D1-F468EDD7F558}.Debug|Any CPU.Build.0 = Debug|Any CPU
		{47C0DFFC-2F57-443F-90D1-F468EDD7F558}.Debug|x64.ActiveCfg = Debug|x64
		{47C0DFFC-2F57-443F-90D1-F468EDD7F558}.Debug|x64.Build.0 = Debug|x64
		{47C0DFFC-2F57-443F-90D1-F468EDD7F558}.Release|Any CPU.ActiveCfg = Release|Any CPU
		{47C0DFFC-2F57-443F-90D1-F468EDD7F558}.Release|Any CPU.Build.0 = Release|Any CPU
		{47C0DFFC-2F57-443F-90D1-F468EDD7F558}.Release|x64.ActiveCfg = Release|x64
		{47C0DFFC-2F57-443F-90D1-F468EDD7F558}.Release|x64.Build.0 = Release|x64
		{08E00B78-AF75-430A-8176-13CDE580F3A8}.Debug|Any CPU.ActiveCfg = Debug|Any CPU
		{08E00B78-AF75-430A-8176-13CDE580F3A8}.Debug|Any CPU.Build.0 = Debug|Any CPU
		{08E00B78-AF75-430A-8176-13CDE580F3A8}.Debug|x64.ActiveCfg = Debug|x64
		{08E00B78-AF75-430A-8176-13CDE580F3A8}.Debug|x64.Build.0 = Debug|x64
		{08E00B78-AF75-430A-8176-13CDE580F3A8}.Release|Any CPU.ActiveCfg = Release|Any CPU
		{08E00B78-AF75-430A-8176-13CDE580F3A8}.Release|Any CPU.Build.0 = Release|Any CPU
		{08E00B78-AF75-430A-8176-13CDE580F3A8}.Release|x64.ActiveCfg = Release|x64
		{08E00B78-AF75-430A-8176-13CDE580F3A8}.Release|x64.Build.0 = Release|x64
		{A58E2B22-35DE-4CD0-ADFB-F1837C7011F0}.Debug|Any CPU.ActiveCfg = Debug|Any CPU
		{A58E2B22-35DE-4CD0-ADFB-F1837C7011F0}.Debug|Any CPU.Build.0 = Debug|Any CPU
		{A58E2B22-35DE-4CD0-ADFB-F1837C7011F0}.Debug|x64.ActiveCfg = Debug|x64
		{A58E2B22-35DE-4CD0-ADFB-F1837C7011F0}.Debug|x64.Build.0 = Debug|x64
		{A58E2B22-35DE-4CD0-ADFB-F1837C7011F0}.Release|Any CPU.ActiveCfg = Release|Any CPU
		{A58E2B22-35DE-4CD0-ADFB-F1837C7011F0}.Release|Any CPU.Build.0 = Release|Any CPU
		{A58E2B22-35DE-4CD0-ADFB-F1837C7011F0}.Release|x64.ActiveCfg = Release|x64
		{A58E2B22-35DE-4CD0-ADFB-F1837C7011F0}.Release|x64.Build.0 = Release|x64
		{33EC86C4-136F-4181-BD83-75F45617038F}.Debug|Any CPU.ActiveCfg = Debug|Any CPU
		{33EC86C4-136F-4181-BD83-75F45617038F}.Debug|Any CPU.Build.0 = Debug|Any CPU
		{33EC86C4-136F-4181-BD83-75F45617038F}.Debug|x64.ActiveCfg = Debug|x64
		{33EC86C4-136F-4181-BD83-75F45617038F}.Debug|x64.Build.0 = Debug|x64
		{33EC86C4-136F-4181-BD83-75F45617038F}.Release|Any CPU.ActiveCfg = Release|Any CPU
		{33EC86C4-136F-4181-BD83-75F45617038F}.Release|Any CPU.Build.0 = Release|Any CPU
		{33EC86C4-136F-4181-BD83-75F45617038F}.Release|x64.ActiveCfg = Release|x64
		{33EC86C4-136F-4181-BD83-75F45617038F}.Release|x64.Build.0 = Release|x64
		{5496F685-4777-4993-95F9-F98B581DA4E3}.Debug|Any CPU.ActiveCfg = Debug|Any CPU
		{5496F685-4777-4993-95F9-F98B581DA4E3}.Debug|Any CPU.Build.0 = Debug|Any CPU
		{5496F685-4777-4993-95F9-F98B581DA4E3}.Debug|x64.ActiveCfg = Debug|x64
		{5496F685-4777-4993-95F9-F98B581DA4E3}.Debug|x64.Build.0 = Debug|x64
		{5496F685-4777-4993-95F9-F98B581DA4E3}.Release|Any CPU.ActiveCfg = Release|Any CPU
		{5496F685-4777-4993-95F9-F98B581DA4E3}.Release|Any CPU.Build.0 = Release|Any CPU
		{5496F685-4777-4993-95F9-F98B581DA4E3}.Release|x64.ActiveCfg = Release|x64
		{5496F685-4777-4993-95F9-F98B581DA4E3}.Release|x64.Build.0 = Release|x64
		{EE10D069-3F50-417A-BCE5-E9CE58541CE7}.Debug|Any CPU.ActiveCfg = Debug|Any CPU
		{EE10D069-3F50-417A-BCE5-E9CE58541CE7}.Debug|Any CPU.Build.0 = Debug|Any CPU
		{EE10D069-3F50-417A-BCE5-E9CE58541CE7}.Debug|x64.ActiveCfg = Debug|x64
		{EE10D069-3F50-417A-BCE5-E9CE58541CE7}.Debug|x64.Build.0 = Debug|x64
		{EE10D069-3F50-417A-BCE5-E9CE58541CE7}.Release|Any CPU.ActiveCfg = Release|Any CPU
		{EE10D069-3F50-417A-BCE5-E9CE58541CE7}.Release|Any CPU.Build.0 = Release|Any CPU
		{EE10D069-3F50-417A-BCE5-E9CE58541CE7}.Release|x64.ActiveCfg = Release|x64
		{EE10D069-3F50-417A-BCE5-E9CE58541CE7}.Release|x64.Build.0 = Release|x64
		{FE2F89DC-5FD6-42DB-A3D3-BFBFD07E52B3}.Debug|Any CPU.ActiveCfg = Debug|Any CPU
		{FE2F89DC-5FD6-42DB-A3D3-BFBFD07E52B3}.Debug|Any CPU.Build.0 = Debug|Any CPU
		{FE2F89DC-5FD6-42DB-A3D3-BFBFD07E52B3}.Debug|x64.ActiveCfg = Debug|x64
		{FE2F89DC-5FD6-42DB-A3D3-BFBFD07E52B3}.Debug|x64.Build.0 = Debug|x64
		{FE2F89DC-5FD6-42DB-A3D3-BFBFD07E52B3}.Release|Any CPU.ActiveCfg = Release|Any CPU
		{FE2F89DC-5FD6-42DB-A3D3-BFBFD07E52B3}.Release|Any CPU.Build.0 = Release|Any CPU
		{FE2F89DC-5FD6-42DB-A3D3-BFBFD07E52B3}.Release|x64.ActiveCfg = Release|x64
		{FE2F89DC-5FD6-42DB-A3D3-BFBFD07E52B3}.Release|x64.Build.0 = Release|x64
		{0CD08072-40DE-461D-8D04-DE37D1C7DE24}.Debug|Any CPU.ActiveCfg = Debug|Any CPU
		{0CD08072-40DE-461D-8D04-DE37D1C7DE24}.Debug|Any CPU.Build.0 = Debug|Any CPU
		{0CD08072-40DE-461D-8D04-DE37D1C7DE24}.Debug|x64.ActiveCfg = Debug|x64
		{0CD08072-40DE-461D-8D04-DE37D1C7DE24}.Debug|x64.Build.0 = Debug|x64
		{0CD08072-40DE-461D-8D04-DE37D1C7DE24}.Release|Any CPU.ActiveCfg = Release|Any CPU
		{0CD08072-40DE-461D-8D04-DE37D1C7DE24}.Release|Any CPU.Build.0 = Release|Any CPU
		{0CD08072-40DE-461D-8D04-DE37D1C7DE24}.Release|x64.ActiveCfg = Release|x64
		{0CD08072-40DE-461D-8D04-DE37D1C7DE24}.Release|x64.Build.0 = Release|x64
		{633DAEC0-EDDC-4394-BB1F-E865FCBBEF6F}.Debug|Any CPU.ActiveCfg = Debug|Any CPU
		{633DAEC0-EDDC-4394-BB1F-E865FCBBEF6F}.Debug|Any CPU.Build.0 = Debug|Any CPU
		{633DAEC0-EDDC-4394-BB1F-E865FCBBEF6F}.Debug|x64.ActiveCfg = Debug|x64
		{633DAEC0-EDDC-4394-BB1F-E865FCBBEF6F}.Debug|x64.Build.0 = Debug|x64
		{633DAEC0-EDDC-4394-BB1F-E865FCBBEF6F}.Release|Any CPU.ActiveCfg = Release|Any CPU
		{633DAEC0-EDDC-4394-BB1F-E865FCBBEF6F}.Release|Any CPU.Build.0 = Release|Any CPU
		{633DAEC0-EDDC-4394-BB1F-E865FCBBEF6F}.Release|x64.ActiveCfg = Release|x64
		{633DAEC0-EDDC-4394-BB1F-E865FCBBEF6F}.Release|x64.Build.0 = Release|x64
		{846083D3-BF92-4174-8106-D40D0FCC9545}.Debug|Any CPU.ActiveCfg = Debug|Any CPU
		{846083D3-BF92-4174-8106-D40D0FCC9545}.Debug|Any CPU.Build.0 = Debug|Any CPU
		{846083D3-BF92-4174-8106-D40D0FCC9545}.Debug|x64.ActiveCfg = Debug|x64
		{846083D3-BF92-4174-8106-D40D0FCC9545}.Debug|x64.Build.0 = Debug|x64
		{846083D3-BF92-4174-8106-D40D0FCC9545}.Release|Any CPU.ActiveCfg = Release|Any CPU
		{846083D3-BF92-4174-8106-D40D0FCC9545}.Release|Any CPU.Build.0 = Release|Any CPU
		{846083D3-BF92-4174-8106-D40D0FCC9545}.Release|x64.ActiveCfg = Release|x64
		{846083D3-BF92-4174-8106-D40D0FCC9545}.Release|x64.Build.0 = Release|x64
		{7E78C92E-9FFD-4DB1-862E-83A0F3571047}.Debug|Any CPU.ActiveCfg = Debug|Any CPU
		{7E78C92E-9FFD-4DB1-862E-83A0F3571047}.Debug|Any CPU.Build.0 = Debug|Any CPU
		{7E78C92E-9FFD-4DB1-862E-83A0F3571047}.Debug|x64.ActiveCfg = Debug|x64
		{7E78C92E-9FFD-4DB1-862E-83A0F3571047}.Debug|x64.Build.0 = Debug|x64
		{7E78C92E-9FFD-4DB1-862E-83A0F3571047}.Release|Any CPU.ActiveCfg = Release|Any CPU
		{7E78C92E-9FFD-4DB1-862E-83A0F3571047}.Release|Any CPU.Build.0 = Release|Any CPU
		{7E78C92E-9FFD-4DB1-862E-83A0F3571047}.Release|x64.ActiveCfg = Release|x64
		{7E78C92E-9FFD-4DB1-862E-83A0F3571047}.Release|x64.Build.0 = Release|x64
		{8E776CB5-C511-4FD1-8A81-EBC395E0B371}.Debug|Any CPU.ActiveCfg = Debug|Any CPU
		{8E776CB5-C511-4FD1-8A81-EBC395E0B371}.Debug|Any CPU.Build.0 = Debug|Any CPU
		{8E776CB5-C511-4FD1-8A81-EBC395E0B371}.Debug|x64.ActiveCfg = Debug|x64
		{8E776CB5-C511-4FD1-8A81-EBC395E0B371}.Debug|x64.Build.0 = Debug|x64
		{8E776CB5-C511-4FD1-8A81-EBC395E0B371}.Release|Any CPU.ActiveCfg = Release|Any CPU
		{8E776CB5-C511-4FD1-8A81-EBC395E0B371}.Release|Any CPU.Build.0 = Release|Any CPU
		{8E776CB5-C511-4FD1-8A81-EBC395E0B371}.Release|x64.ActiveCfg = Release|x64
		{8E776CB5-C511-4FD1-8A81-EBC395E0B371}.Release|x64.Build.0 = Release|x64
		{17E13AFB-7DD2-405F-A1DB-1E233E646809}.Debug|Any CPU.ActiveCfg = Debug|Any CPU
		{17E13AFB-7DD2-405F-A1DB-1E233E646809}.Debug|Any CPU.Build.0 = Debug|Any CPU
		{17E13AFB-7DD2-405F-A1DB-1E233E646809}.Debug|x64.ActiveCfg = Debug|x64
		{17E13AFB-7DD2-405F-A1DB-1E233E646809}.Debug|x64.Build.0 = Debug|x64
		{17E13AFB-7DD2-405F-A1DB-1E233E646809}.Release|Any CPU.ActiveCfg = Release|Any CPU
		{17E13AFB-7DD2-405F-A1DB-1E233E646809}.Release|Any CPU.Build.0 = Release|Any CPU
		{17E13AFB-7DD2-405F-A1DB-1E233E646809}.Release|x64.ActiveCfg = Release|x64
		{17E13AFB-7DD2-405F-A1DB-1E233E646809}.Release|x64.Build.0 = Release|x64
		{F46A2D47-94B4-4580-A0C4-2D69E2CE62D9}.Debug|Any CPU.ActiveCfg = Debug|Any CPU
		{F46A2D47-94B4-4580-A0C4-2D69E2CE62D9}.Debug|Any CPU.Build.0 = Debug|Any CPU
		{F46A2D47-94B4-4580-A0C4-2D69E2CE62D9}.Debug|x64.ActiveCfg = Debug|x64
		{F46A2D47-94B4-4580-A0C4-2D69E2CE62D9}.Debug|x64.Build.0 = Debug|x64
		{F46A2D47-94B4-4580-A0C4-2D69E2CE62D9}.Release|Any CPU.ActiveCfg = Release|Any CPU
		{F46A2D47-94B4-4580-A0C4-2D69E2CE62D9}.Release|Any CPU.Build.0 = Release|Any CPU
		{F46A2D47-94B4-4580-A0C4-2D69E2CE62D9}.Release|x64.ActiveCfg = Release|x64
		{F46A2D47-94B4-4580-A0C4-2D69E2CE62D9}.Release|x64.Build.0 = Release|x64
		{4D216DBA-32F9-484B-BFED-2D07004CABF0}.Debug|Any CPU.ActiveCfg = Debug|Any CPU
		{4D216DBA-32F9-484B-BFED-2D07004CABF0}.Debug|Any CPU.Build.0 = Debug|Any CPU
		{4D216DBA-32F9-484B-BFED-2D07004CABF0}.Debug|x64.ActiveCfg = Debug|x64
		{4D216DBA-32F9-484B-BFED-2D07004CABF0}.Debug|x64.Build.0 = Debug|x64
		{4D216DBA-32F9-484B-BFED-2D07004CABF0}.Release|Any CPU.ActiveCfg = Release|Any CPU
		{4D216DBA-32F9-484B-BFED-2D07004CABF0}.Release|Any CPU.Build.0 = Release|Any CPU
		{4D216DBA-32F9-484B-BFED-2D07004CABF0}.Release|x64.ActiveCfg = Release|x64
		{4D216DBA-32F9-484B-BFED-2D07004CABF0}.Release|x64.Build.0 = Release|x64
		{8867FFDB-5DCF-4ADD-AF30-F94D26074E5C}.Debug|Any CPU.ActiveCfg = Debug|Any CPU
		{8867FFDB-5DCF-4ADD-AF30-F94D26074E5C}.Debug|Any CPU.Build.0 = Debug|Any CPU
		{8867FFDB-5DCF-4ADD-AF30-F94D26074E5C}.Debug|x64.ActiveCfg = Debug|x64
		{8867FFDB-5DCF-4ADD-AF30-F94D26074E5C}.Debug|x64.Build.0 = Debug|x64
		{8867FFDB-5DCF-4ADD-AF30-F94D26074E5C}.Release|Any CPU.ActiveCfg = Release|Any CPU
		{8867FFDB-5DCF-4ADD-AF30-F94D26074E5C}.Release|Any CPU.Build.0 = Release|Any CPU
		{8867FFDB-5DCF-4ADD-AF30-F94D26074E5C}.Release|x64.ActiveCfg = Release|x64
		{8867FFDB-5DCF-4ADD-AF30-F94D26074E5C}.Release|x64.Build.0 = Release|x64
		{1D49716E-A908-4D20-AE78-71274031C491}.Debug|Any CPU.ActiveCfg = Debug|Any CPU
		{1D49716E-A908-4D20-AE78-71274031C491}.Debug|Any CPU.Build.0 = Debug|Any CPU
		{1D49716E-A908-4D20-AE78-71274031C491}.Debug|x64.ActiveCfg = Debug|x64
		{1D49716E-A908-4D20-AE78-71274031C491}.Debug|x64.Build.0 = Debug|x64
		{1D49716E-A908-4D20-AE78-71274031C491}.Release|Any CPU.ActiveCfg = Release|Any CPU
		{1D49716E-A908-4D20-AE78-71274031C491}.Release|Any CPU.Build.0 = Release|Any CPU
		{1D49716E-A908-4D20-AE78-71274031C491}.Release|x64.ActiveCfg = Release|x64
		{1D49716E-A908-4D20-AE78-71274031C491}.Release|x64.Build.0 = Release|x64
		{A7889500-FA11-4A10-96D9-DD9BEE65E8E7}.Debug|Any CPU.ActiveCfg = Debug|Any CPU
		{A7889500-FA11-4A10-96D9-DD9BEE65E8E7}.Debug|Any CPU.Build.0 = Debug|Any CPU
		{A7889500-FA11-4A10-96D9-DD9BEE65E8E7}.Debug|x64.ActiveCfg = Debug|x64
		{A7889500-FA11-4A10-96D9-DD9BEE65E8E7}.Debug|x64.Build.0 = Debug|x64
		{A7889500-FA11-4A10-96D9-DD9BEE65E8E7}.Release|Any CPU.ActiveCfg = Release|Any CPU
		{A7889500-FA11-4A10-96D9-DD9BEE65E8E7}.Release|Any CPU.Build.0 = Release|Any CPU
		{A7889500-FA11-4A10-96D9-DD9BEE65E8E7}.Release|x64.ActiveCfg = Release|x64
		{A7889500-FA11-4A10-96D9-DD9BEE65E8E7}.Release|x64.Build.0 = Release|x64
		{669D761F-297A-44B6-9DCA-437F45457B70}.Debug|Any CPU.ActiveCfg = Debug|Any CPU
		{669D761F-297A-44B6-9DCA-437F45457B70}.Debug|Any CPU.Build.0 = Debug|Any CPU
		{669D761F-297A-44B6-9DCA-437F45457B70}.Debug|x64.ActiveCfg = Debug|x64
		{669D761F-297A-44B6-9DCA-437F45457B70}.Debug|x64.Build.0 = Debug|x64
		{669D761F-297A-44B6-9DCA-437F45457B70}.Release|Any CPU.ActiveCfg = Release|Any CPU
		{669D761F-297A-44B6-9DCA-437F45457B70}.Release|Any CPU.Build.0 = Release|Any CPU
		{669D761F-297A-44B6-9DCA-437F45457B70}.Release|x64.ActiveCfg = Release|x64
		{669D761F-297A-44B6-9DCA-437F45457B70}.Release|x64.Build.0 = Release|x64
		{56A83660-135D-400A-9BA4-AD71F656A1B7}.Debug|Any CPU.ActiveCfg = Debug|Any CPU
		{56A83660-135D-400A-9BA4-AD71F656A1B7}.Debug|Any CPU.Build.0 = Debug|Any CPU
		{56A83660-135D-400A-9BA4-AD71F656A1B7}.Debug|x64.ActiveCfg = Debug|x64
		{56A83660-135D-400A-9BA4-AD71F656A1B7}.Debug|x64.Build.0 = Debug|x64
		{56A83660-135D-400A-9BA4-AD71F656A1B7}.Release|Any CPU.ActiveCfg = Release|Any CPU
		{56A83660-135D-400A-9BA4-AD71F656A1B7}.Release|Any CPU.Build.0 = Release|Any CPU
		{56A83660-135D-400A-9BA4-AD71F656A1B7}.Release|x64.ActiveCfg = Release|x64
		{56A83660-135D-400A-9BA4-AD71F656A1B7}.Release|x64.Build.0 = Release|x64
	EndGlobalSection
	GlobalSection(SolutionProperties) = preSolution
		HideSolutionNode = FALSE
	EndGlobalSection
	GlobalSection(NestedProjects) = preSolution
		{542C7177-8DAD-47CF-A8CB-E132EE70C926} = {304DF17B-8E8C-4C6D-9BE2-D80F81CC0784}
		{BB7E75E9-C1DB-4EA2-B6BB-7B0A47E5E46A} = {304DF17B-8E8C-4C6D-9BE2-D80F81CC0784}
		{76814688-DF61-452B-8BA5-EBAFD00EC098} = {304DF17B-8E8C-4C6D-9BE2-D80F81CC0784}
		{497AC2C4-AC79-435B-BF19-5C3F91BD9444} = {304DF17B-8E8C-4C6D-9BE2-D80F81CC0784}
		{CF631860-6586-4AE0-8AF6-54D3CB8D95A0} = {304DF17B-8E8C-4C6D-9BE2-D80F81CC0784}
		{08E00B78-AF75-430A-8176-13CDE580F3A8} = {304DF17B-8E8C-4C6D-9BE2-D80F81CC0784}
		{33EC86C4-136F-4181-BD83-75F45617038F} = {304DF17B-8E8C-4C6D-9BE2-D80F81CC0784}
		{EE10D069-3F50-417A-BCE5-E9CE58541CE7} = {304DF17B-8E8C-4C6D-9BE2-D80F81CC0784}
		{0CD08072-40DE-461D-8D04-DE37D1C7DE24} = {304DF17B-8E8C-4C6D-9BE2-D80F81CC0784}
		{846083D3-BF92-4174-8106-D40D0FCC9545} = {304DF17B-8E8C-4C6D-9BE2-D80F81CC0784}
		{8E776CB5-C511-4FD1-8A81-EBC395E0B371} = {304DF17B-8E8C-4C6D-9BE2-D80F81CC0784}
		{F46A2D47-94B4-4580-A0C4-2D69E2CE62D9} = {304DF17B-8E8C-4C6D-9BE2-D80F81CC0784}
		{8867FFDB-5DCF-4ADD-AF30-F94D26074E5C} = {304DF17B-8E8C-4C6D-9BE2-D80F81CC0784}
		{A7889500-FA11-4A10-96D9-DD9BEE65E8E7} = {304DF17B-8E8C-4C6D-9BE2-D80F81CC0784}
		{56A83660-135D-400A-9BA4-AD71F656A1B7} = {304DF17B-8E8C-4C6D-9BE2-D80F81CC0784}
	EndGlobalSection
EndGlobal
